
Microsoft Visual Studio Solution File, Format Version 12.00
# Visual Studio Version 16
VisualStudioVersion = 16.0.31613.86
MinimumVisualStudioVersion = 10.0.40219.1
Project("{FAE04EC0-301F-11D3-BF4B-00C04F79EFBC}") = "Adega", "Adega\Adega.csproj", "{4FB44748-59FA-4B76-953C-378090E3A5CA}"
EndProject
Global
	GlobalSection(SolutionConfigurationPlatforms) = preSolution
		Debug|Any CPU = Debug|Any CPU
		Release|Any CPU = Release|Any CPU
	EndGlobalSection
	GlobalSection(ProjectConfigurationPlatforms) = postSolution
		{4FB44748-59FA-4B76-953C-378090E3A5CA}.Debug|Any CPU.ActiveCfg = Debug|Any CPU
		{4FB44748-59FA-4B76-953C-378090E3A5CA}.Debug|Any CPU.Build.0 = Debug|Any CPU
		{4FB44748-59FA-4B76-953C-378090E3A5CA}.Release|Any CPU.ActiveCfg = Release|Any CPU
		{4FB44748-59FA-4B76-953C-378090E3A5CA}.Release|Any CPU.Build.0 = Release|Any CPU
	EndGlobalSection
	GlobalSection(SolutionProperties) = preSolution
		HideSolutionNode = FALSE
	EndGlobalSection
	GlobalSection(ExtensibilityGlobals) = postSolution
		SolutionGuid = {9D4EC8C1-AA8C-4AD7-B30A-FFA9561C252A}
	EndGlobalSection
EndGlobal
